
Microsoft Visual Studio Solution File, Format Version 12.00
# Visual Studio Version 17
VisualStudioVersion = 17.11.35327.3
MinimumVisualStudioVersion = 10.0.40219.1
Project("{FAE04EC0-301F-11D3-BF4B-00C04F79EFBC}") = "OnlineHouseRental", "OnlineHouseRental\OnlineHouseRental.csproj", "{AEB2126F-5605-47B7-BAC0-2802E3AB35D5}"
EndProject
Global
	GlobalSection(SolutionConfigurationPlatforms) = preSolution
		Debug|Any CPU = Debug|Any CPU
		Release|Any CPU = Release|Any CPU
	EndGlobalSection
	GlobalSection(ProjectConfigurationPlatforms) = postSolution
		{AEB2126F-5605-47B7-BAC0-2802E3AB35D5}.Debug|Any CPU.ActiveCfg = Debug|Any CPU
		{AEB2126F-5605-47B7-BAC0-2802E3AB35D5}.Debug|Any CPU.Build.0 = Debug|Any CPU
		{AEB2126F-5605-47B7-BAC0-2802E3AB35D5}.Release|Any CPU.ActiveCfg = Release|Any CPU
		{AEB2126F-5605-47B7-BAC0-2802E3AB35D5}.Release|Any CPU.Build.0 = Release|Any CPU
	EndGlobalSection
	GlobalSection(SolutionProperties) = preSolution
		HideSolutionNode = FALSE
	EndGlobalSection
	GlobalSection(ExtensibilityGlobals) = postSolution
		SolutionGuid = {E14B90F3-8C94-4452-B108-30DC50741980}
	EndGlobalSection
EndGlobal
